// !$*UTF8*$!
{
	archiveVersion = 1;
	classes = {
	};
	objectVersion = 51;
	objects = {

/* Begin PBXBuildFile section */
		327799654EBBC5B8A5B1E129 /* Pods_Sama.framework in Frameworks */ = {isa = PBXBuildFile; fileRef = 6E10EF755BC9A1634B29DE1D /* Pods_Sama.framework */; };
		651261E923338BF8007AF227 /* AppDelegate.swift in Sources */ = {isa = PBXBuildFile; fileRef = 651261E823338BF8007AF227 /* AppDelegate.swift */; };
		651261EB23338BF8007AF227 /* SceneDelegate.swift in Sources */ = {isa = PBXBuildFile; fileRef = 651261EA23338BF8007AF227 /* SceneDelegate.swift */; };
		651261F023338BF8007AF227 /* Main.storyboard in Resources */ = {isa = PBXBuildFile; fileRef = 651261EE23338BF8007AF227 /* Main.storyboard */; };
		651261F223338BFA007AF227 /* Assets.xcassets in Resources */ = {isa = PBXBuildFile; fileRef = 651261F123338BFA007AF227 /* Assets.xcassets */; };
		651261F523338BFA007AF227 /* LaunchScreen.storyboard in Resources */ = {isa = PBXBuildFile; fileRef = 651261F323338BFA007AF227 /* LaunchScreen.storyboard */; };
		651261FF23338CD6007AF227 /* LoginViewController.swift in Sources */ = {isa = PBXBuildFile; fileRef = 651261FE23338CD6007AF227 /* LoginViewController.swift */; };
		651262042334932F007AF227 /* RegisterViewController.swift in Sources */ = {isa = PBXBuildFile; fileRef = 651262032334932F007AF227 /* RegisterViewController.swift */; };
		65126209233498CA007AF227 /* MainScreenViewController.swift in Sources */ = {isa = PBXBuildFile; fileRef = 65126208233498CA007AF227 /* MainScreenViewController.swift */; };
		6512620B23349F1C007AF227 /* GoogleService-Info.plist in Resources */ = {isa = PBXBuildFile; fileRef = 6512620A23349F1C007AF227 /* GoogleService-Info.plist */; };
		656BCAED233E382600E74196 /* PocketButton.swift in Sources */ = {isa = PBXBuildFile; fileRef = 656BCAEC233E382600E74196 /* PocketButton.swift */; };
		656BCAF2233E5C7500E74196 /* AddNewPocketViewController.swift in Sources */ = {isa = PBXBuildFile; fileRef = 656BCAF1233E5C7500E74196 /* AddNewPocketViewController.swift */; };
		656BCAF4233E5D2B00E74196 /* Pocket.swift in Sources */ = {isa = PBXBuildFile; fileRef = 656BCAF3233E5D2B00E74196 /* Pocket.swift */; };
		656BCAF6233E5D8500E74196 /* Item.swift in Sources */ = {isa = PBXBuildFile; fileRef = 656BCAF5233E5D8500E74196 /* Item.swift */; };
		656BCAF8233E5DA600E74196 /* Contributor.swift in Sources */ = {isa = PBXBuildFile; fileRef = 656BCAF7233E5DA600E74196 /* Contributor.swift */; };
		656BCAFD233E5EAF00E74196 /* CustomPocketCell.swift in Sources */ = {isa = PBXBuildFile; fileRef = 656BCAFB233E5EAF00E74196 /* CustomPocketCell.swift */; };
		656BCAFE233E5EAF00E74196 /* CustomPocketCell.xib in Resources */ = {isa = PBXBuildFile; fileRef = 656BCAFC233E5EAF00E74196 /* CustomPocketCell.xib */; };
		656BCB00233E615700E74196 /* User.swift in Sources */ = {isa = PBXBuildFile; fileRef = 656BCAFF233E615700E74196 /* User.swift */; };
		656BCB02234C32C400E74196 /* GetActivePocket.swift in Sources */ = {isa = PBXBuildFile; fileRef = 656BCB01234C32C400E74196 /* GetActivePocket.swift */; };
		656BCB04234C331600E74196 /* GetUserID.swift in Sources */ = {isa = PBXBuildFile; fileRef = 656BCB03234C331600E74196 /* GetUserID.swift */; };
		65FA10212338DBAF007EA4C3 /* CustomItemCell.swift in Sources */ = {isa = PBXBuildFile; fileRef = 65FA101F2338DBAF007EA4C3 /* CustomItemCell.swift */; };
		65FA10222338DBAF007EA4C3 /* CustomItemCell.xib in Resources */ = {isa = PBXBuildFile; fileRef = 65FA10202338DBAF007EA4C3 /* CustomItemCell.xib */; };
		65FA1026233A02E3007EA4C3 /* CustomHeader.swift in Sources */ = {isa = PBXBuildFile; fileRef = 65FA1025233A02E3007EA4C3 /* CustomHeader.swift */; };
		65FA1028233A0341007EA4C3 /* CustomHeader.xib in Resources */ = {isa = PBXBuildFile; fileRef = 65FA1027233A0341007EA4C3 /* CustomHeader.xib */; };
		65FA102B233B494B007EA4C3 /* ProfileViewController.swift in Sources */ = {isa = PBXBuildFile; fileRef = 65FA102A233B494B007EA4C3 /* ProfileViewController.swift */; };
/* End PBXBuildFile section */

/* Begin PBXFileReference section */
		651261E523338BF8007AF227 /* Sama.app */ = {isa = PBXFileReference; explicitFileType = wrapper.application; includeInIndex = 0; path = Sama.app; sourceTree = BUILT_PRODUCTS_DIR; };
		651261E823338BF8007AF227 /* AppDelegate.swift */ = {isa = PBXFileReference; lastKnownFileType = sourcecode.swift; path = AppDelegate.swift; sourceTree = "<group>"; };
		651261EA23338BF8007AF227 /* SceneDelegate.swift */ = {isa = PBXFileReference; lastKnownFileType = sourcecode.swift; path = SceneDelegate.swift; sourceTree = "<group>"; };
		651261EF23338BF8007AF227 /* Base */ = {isa = PBXFileReference; lastKnownFileType = file.storyboard; name = Base; path = Base.lproj/Main.storyboard; sourceTree = "<group>"; };
		651261F123338BFA007AF227 /* Assets.xcassets */ = {isa = PBXFileReference; lastKnownFileType = folder.assetcatalog; path = Assets.xcassets; sourceTree = "<group>"; };
		651261F423338BFA007AF227 /* Base */ = {isa = PBXFileReference; lastKnownFileType = file.storyboard; name = Base; path = Base.lproj/LaunchScreen.storyboard; sourceTree = "<group>"; };
		651261F623338BFA007AF227 /* Info.plist */ = {isa = PBXFileReference; lastKnownFileType = text.plist.xml; path = Info.plist; sourceTree = "<group>"; };
		651261FE23338CD6007AF227 /* LoginViewController.swift */ = {isa = PBXFileReference; lastKnownFileType = sourcecode.swift; path = LoginViewController.swift; sourceTree = "<group>"; };
		651262032334932F007AF227 /* RegisterViewController.swift */ = {isa = PBXFileReference; lastKnownFileType = sourcecode.swift; path = RegisterViewController.swift; sourceTree = "<group>"; };
		65126208233498CA007AF227 /* MainScreenViewController.swift */ = {isa = PBXFileReference; lastKnownFileType = sourcecode.swift; path = MainScreenViewController.swift; sourceTree = "<group>"; };
		6512620A23349F1C007AF227 /* GoogleService-Info.plist */ = {isa = PBXFileReference; fileEncoding = 4; lastKnownFileType = text.plist.xml; path = "GoogleService-Info.plist"; sourceTree = "<group>"; };
		656BCAEC233E382600E74196 /* PocketButton.swift */ = {isa = PBXFileReference; lastKnownFileType = sourcecode.swift; path = PocketButton.swift; sourceTree = "<group>"; };
		656BCAF1233E5C7500E74196 /* AddNewPocketViewController.swift */ = {isa = PBXFileReference; lastKnownFileType = sourcecode.swift; path = AddNewPocketViewController.swift; sourceTree = "<group>"; };
		656BCAF3233E5D2B00E74196 /* Pocket.swift */ = {isa = PBXFileReference; lastKnownFileType = sourcecode.swift; path = Pocket.swift; sourceTree = "<group>"; };
		656BCAF5233E5D8500E74196 /* Item.swift */ = {isa = PBXFileReference; lastKnownFileType = sourcecode.swift; path = Item.swift; sourceTree = "<group>"; };
		656BCAF7233E5DA600E74196 /* Contributor.swift */ = {isa = PBXFileReference; lastKnownFileType = sourcecode.swift; path = Contributor.swift; sourceTree = "<group>"; };
		656BCAFB233E5EAF00E74196 /* CustomPocketCell.swift */ = {isa = PBXFileReference; lastKnownFileType = sourcecode.swift; path = CustomPocketCell.swift; sourceTree = "<group>"; };
		656BCAFC233E5EAF00E74196 /* CustomPocketCell.xib */ = {isa = PBXFileReference; lastKnownFileType = file.xib; path = CustomPocketCell.xib; sourceTree = "<group>"; };
		656BCAFF233E615700E74196 /* User.swift */ = {isa = PBXFileReference; lastKnownFileType = sourcecode.swift; path = User.swift; sourceTree = "<group>"; };
		656BCB01234C32C400E74196 /* GetActivePocket.swift */ = {isa = PBXFileReference; lastKnownFileType = sourcecode.swift; path = GetActivePocket.swift; sourceTree = "<group>"; };
		656BCB03234C331600E74196 /* GetUserID.swift */ = {isa = PBXFileReference; lastKnownFileType = sourcecode.swift; path = GetUserID.swift; sourceTree = "<group>"; };
		65FA101F2338DBAF007EA4C3 /* CustomItemCell.swift */ = {isa = PBXFileReference; lastKnownFileType = sourcecode.swift; path = CustomItemCell.swift; sourceTree = "<group>"; };
		65FA10202338DBAF007EA4C3 /* CustomItemCell.xib */ = {isa = PBXFileReference; lastKnownFileType = file.xib; path = CustomItemCell.xib; sourceTree = "<group>"; };
		65FA1025233A02E3007EA4C3 /* CustomHeader.swift */ = {isa = PBXFileReference; lastKnownFileType = sourcecode.swift; path = CustomHeader.swift; sourceTree = "<group>"; };
		65FA1027233A0341007EA4C3 /* CustomHeader.xib */ = {isa = PBXFileReference; lastKnownFileType = file.xib; path = CustomHeader.xib; sourceTree = "<group>"; };
		65FA102A233B494B007EA4C3 /* ProfileViewController.swift */ = {isa = PBXFileReference; lastKnownFileType = sourcecode.swift; path = ProfileViewController.swift; sourceTree = "<group>"; };
		67222DC49B7159819FED7D33 /* Pods-Sama.debug.xcconfig */ = {isa = PBXFileReference; includeInIndex = 1; lastKnownFileType = text.xcconfig; name = "Pods-Sama.debug.xcconfig"; path = "Target Support Files/Pods-Sama/Pods-Sama.debug.xcconfig"; sourceTree = "<group>"; };
		6E10EF755BC9A1634B29DE1D /* Pods_Sama.framework */ = {isa = PBXFileReference; explicitFileType = wrapper.framework; includeInIndex = 0; path = Pods_Sama.framework; sourceTree = BUILT_PRODUCTS_DIR; };
		F4D86C7748AB5727A2832C43 /* Pods-Sama.release.xcconfig */ = {isa = PBXFileReference; includeInIndex = 1; lastKnownFileType = text.xcconfig; name = "Pods-Sama.release.xcconfig"; path = "Target Support Files/Pods-Sama/Pods-Sama.release.xcconfig"; sourceTree = "<group>"; };
/* End PBXFileReference section */

/* Begin PBXFrameworksBuildPhase section */
		651261E223338BF8007AF227 /* Frameworks */ = {
			isa = PBXFrameworksBuildPhase;
			buildActionMask = 2147483647;
			files = (
				327799654EBBC5B8A5B1E129 /* Pods_Sama.framework in Frameworks */,
			);
			runOnlyForDeploymentPostprocessing = 0;
		};
/* End PBXFrameworksBuildPhase section */

/* Begin PBXGroup section */
		651261DC23338BF8007AF227 = {
			isa = PBXGroup;
			children = (
				651261E723338BF8007AF227 /* Sama */,
				651261E623338BF8007AF227 /* Products */,
				C1EC8918D251271B17CA1081 /* Pods */,
				AE4AD6232E0855B81CEF1FF1 /* Frameworks */,
			);
			sourceTree = "<group>";
		};
		651261E623338BF8007AF227 /* Products */ = {
			isa = PBXGroup;
			children = (
				651261E523338BF8007AF227 /* Sama.app */,
			);
			name = Products;
			sourceTree = "<group>";
		};
		651261E723338BF8007AF227 /* Sama */ = {
			isa = PBXGroup;
			children = (
				6512620023348FFA007AF227 /* Model */,
				651262012334900F007AF227 /* View */,
				6512620223349022007AF227 /* Controller */,
				651261F623338BFA007AF227 /* Info.plist */,
				651261F123338BFA007AF227 /* Assets.xcassets */,
				651262052334957B007AF227 /* Supporting Files */,
			);
			path = Sama;
			sourceTree = "<group>";
		};
		6512620023348FFA007AF227 /* Model */ = {
			isa = PBXGroup;
			children = (
				656BCAF3233E5D2B00E74196 /* Pocket.swift */,
				656BCAF5233E5D8500E74196 /* Item.swift */,
				656BCAF7233E5DA600E74196 /* Contributor.swift */,
				656BCAFF233E615700E74196 /* User.swift */,
			);
			path = Model;
			sourceTree = "<group>";
		};
		651262012334900F007AF227 /* View */ = {
			isa = PBXGroup;
			children = (
				651261F323338BFA007AF227 /* LaunchScreen.storyboard */,
				651261EE23338BF8007AF227 /* Main.storyboard */,
				65FA10242338DBE2007EA4C3 /* Custom Cell */,
				65FA1029233A034B007EA4C3 /* Custom Header */,
				656BCAEE233E382A00E74196 /* Pocket Button */,
			);
			path = View;
			sourceTree = "<group>";
		};
		6512620223349022007AF227 /* Controller */ = {
			isa = PBXGroup;
			children = (
				651261E823338BF8007AF227 /* AppDelegate.swift */,
				651261EA23338BF8007AF227 /* SceneDelegate.swift */,
				651261FE23338CD6007AF227 /* LoginViewController.swift */,
				651262032334932F007AF227 /* RegisterViewController.swift */,
				65126208233498CA007AF227 /* MainScreenViewController.swift */,
				656BCB01234C32C400E74196 /* GetActivePocket.swift */,
				656BCB03234C331600E74196 /* GetUserID.swift */,
				65FA102A233B494B007EA4C3 /* ProfileViewController.swift */,
				656BCAF1233E5C7500E74196 /* AddNewPocketViewController.swift */,
			);
			path = Controller;
			sourceTree = "<group>";
		};
		651262052334957B007AF227 /* Supporting Files */ = {
			isa = PBXGroup;
			children = (
				6512620A23349F1C007AF227 /* GoogleService-Info.plist */,
			);
			path = "Supporting Files";
			sourceTree = "<group>";
		};
		656BCAEE233E382A00E74196 /* Pocket Button */ = {
			isa = PBXGroup;
			children = (
				656BCAEC233E382600E74196 /* PocketButton.swift */,
			);
			path = "Pocket Button";
			sourceTree = "<group>";
		};
		65FA10242338DBE2007EA4C3 /* Custom Cell */ = {
			isa = PBXGroup;
			children = (
				65FA101F2338DBAF007EA4C3 /* CustomItemCell.swift */,
				65FA10202338DBAF007EA4C3 /* CustomItemCell.xib */,
				656BCAFB233E5EAF00E74196 /* CustomPocketCell.swift */,
				656BCAFC233E5EAF00E74196 /* CustomPocketCell.xib */,
			);
			path = "Custom Cell";
			sourceTree = "<group>";
		};
		65FA1029233A034B007EA4C3 /* Custom Header */ = {
			isa = PBXGroup;
			children = (
				65FA1025233A02E3007EA4C3 /* CustomHeader.swift */,
				65FA1027233A0341007EA4C3 /* CustomHeader.xib */,
			);
			path = "Custom Header";
			sourceTree = "<group>";
		};
		AE4AD6232E0855B81CEF1FF1 /* Frameworks */ = {
			isa = PBXGroup;
			children = (
				6E10EF755BC9A1634B29DE1D /* Pods_Sama.framework */,
			);
			name = Frameworks;
			sourceTree = "<group>";
		};
		C1EC8918D251271B17CA1081 /* Pods */ = {
			isa = PBXGroup;
			children = (
				67222DC49B7159819FED7D33 /* Pods-Sama.debug.xcconfig */,
				F4D86C7748AB5727A2832C43 /* Pods-Sama.release.xcconfig */,
			);
			path = Pods;
			sourceTree = "<group>";
		};
/* End PBXGroup section */

/* Begin PBXNativeTarget section */
		651261E423338BF8007AF227 /* Sama */ = {
			isa = PBXNativeTarget;
			buildConfigurationList = 651261F923338BFA007AF227 /* Build configuration list for PBXNativeTarget "Sama" */;
			buildPhases = (
				28E73101016797A956F3154E /* [CP] Check Pods Manifest.lock */,
				651261E123338BF8007AF227 /* Sources */,
				651261E223338BF8007AF227 /* Frameworks */,
				651261E323338BF8007AF227 /* Resources */,
				508EE228AAAB87AA0F5A39C1 /* [CP] Embed Pods Frameworks */,
			);
			buildRules = (
			);
			dependencies = (
			);
			name = Sama;
			productName = Sama;
			productReference = 651261E523338BF8007AF227 /* Sama.app */;
			productType = "com.apple.product-type.application";
		};
/* End PBXNativeTarget section */

/* Begin PBXProject section */
		651261DD23338BF8007AF227 /* Project object */ = {
			isa = PBXProject;
			attributes = {
				LastSwiftUpdateCheck = 1100;
				LastUpgradeCheck = 1100;
				ORGANIZATIONNAME = "Andre Suhartanto";
				TargetAttributes = {
					651261E423338BF8007AF227 = {
						CreatedOnToolsVersion = 11.0;
					};
				};
			};
			buildConfigurationList = 651261E023338BF8007AF227 /* Build configuration list for PBXProject "Sama" */;
			compatibilityVersion = "Xcode 9.3";
			developmentRegion = en;
			hasScannedForEncodings = 0;
			knownRegions = (
				en,
				Base,
			);
			mainGroup = 651261DC23338BF8007AF227;
			productRefGroup = 651261E623338BF8007AF227 /* Products */;
			projectDirPath = "";
			projectRoot = "";
			targets = (
				651261E423338BF8007AF227 /* Sama */,
			);
		};
/* End PBXProject section */

/* Begin PBXResourcesBuildPhase section */
		651261E323338BF8007AF227 /* Resources */ = {
			isa = PBXResourcesBuildPhase;
			buildActionMask = 2147483647;
			files = (
				651261F523338BFA007AF227 /* LaunchScreen.storyboard in Resources */,
				651261F223338BFA007AF227 /* Assets.xcassets in Resources */,
				65FA10222338DBAF007EA4C3 /* CustomItemCell.xib in Resources */,
				6512620B23349F1C007AF227 /* GoogleService-Info.plist in Resources */,
				656BCAFE233E5EAF00E74196 /* CustomPocketCell.xib in Resources */,
				651261F023338BF8007AF227 /* Main.storyboard in Resources */,
				65FA1028233A0341007EA4C3 /* CustomHeader.xib in Resources */,
			);
			runOnlyForDeploymentPostprocessing = 0;
		};
/* End PBXResourcesBuildPhase section */

/* Begin PBXShellScriptBuildPhase section */
		28E73101016797A956F3154E /* [CP] Check Pods Manifest.lock */ = {
			isa = PBXShellScriptBuildPhase;
			buildActionMask = 2147483647;
			files = (
			);
			inputFileListPaths = (
			);
			inputPaths = (
				"${PODS_PODFILE_DIR_PATH}/Podfile.lock",
				"${PODS_ROOT}/Manifest.lock",
			);
			name = "[CP] Check Pods Manifest.lock";
			outputFileListPaths = (
			);
			outputPaths = (
				"$(DERIVED_FILE_DIR)/Pods-Sama-checkManifestLockResult.txt",
			);
			runOnlyForDeploymentPostprocessing = 0;
			shellPath = /bin/sh;
			shellScript = "diff \"${PODS_PODFILE_DIR_PATH}/Podfile.lock\" \"${PODS_ROOT}/Manifest.lock\" > /dev/null\nif [ $? != 0 ] ; then\n    # print error to STDERR\n    echo \"error: The sandbox is not in sync with the Podfile.lock. Run 'pod install' or update your CocoaPods installation.\" >&2\n    exit 1\nfi\n# This output is used by Xcode 'outputs' to avoid re-running this script phase.\necho \"SUCCESS\" > \"${SCRIPT_OUTPUT_FILE_0}\"\n";
			showEnvVarsInLog = 0;
		};
		508EE228AAAB87AA0F5A39C1 /* [CP] Embed Pods Frameworks */ = {
			isa = PBXShellScriptBuildPhase;
			buildActionMask = 2147483647;
			files = (
			);
			inputFileListPaths = (
				"${PODS_ROOT}/Target Support Files/Pods-Sama/Pods-Sama-frameworks-${CONFIGURATION}-input-files.xcfilelist",
			);
			name = "[CP] Embed Pods Frameworks";
			outputFileListPaths = (
				"${PODS_ROOT}/Target Support Files/Pods-Sama/Pods-Sama-frameworks-${CONFIGURATION}-output-files.xcfilelist",
			);
			runOnlyForDeploymentPostprocessing = 0;
			shellPath = /bin/sh;
			shellScript = "\"${PODS_ROOT}/Target Support Files/Pods-Sama/Pods-Sama-frameworks.sh\"\n";
			showEnvVarsInLog = 0;
		};
/* End PBXShellScriptBuildPhase section */

/* Begin PBXSourcesBuildPhase section */
		651261E123338BF8007AF227 /* Sources */ = {
			isa = PBXSourcesBuildPhase;
			buildActionMask = 2147483647;
			files = (
				65126209233498CA007AF227 /* MainScreenViewController.swift in Sources */,
				656BCAF4233E5D2B00E74196 /* Pocket.swift in Sources */,
				656BCB02234C32C400E74196 /* GetActivePocket.swift in Sources */,
				65FA1026233A02E3007EA4C3 /* CustomHeader.swift in Sources */,
				656BCAED233E382600E74196 /* PocketButton.swift in Sources */,
				656BCAF8233E5DA600E74196 /* Contributor.swift in Sources */,
				656BCAF6233E5D8500E74196 /* Item.swift in Sources */,
				65FA10212338DBAF007EA4C3 /* CustomItemCell.swift in Sources */,
				656BCB04234C331600E74196 /* GetUserID.swift in Sources */,
				651261FF23338CD6007AF227 /* LoginViewController.swift in Sources */,
				656BCB00233E615700E74196 /* User.swift in Sources */,
				656BCAFD233E5EAF00E74196 /* CustomPocketCell.swift in Sources */,
				651261E923338BF8007AF227 /* AppDelegate.swift in Sources */,
				656BCAF2233E5C7500E74196 /* AddNewPocketViewController.swift in Sources */,
				651261EB23338BF8007AF227 /* SceneDelegate.swift in Sources */,
				65FA102B233B494B007EA4C3 /* ProfileViewController.swift in Sources */,
				651262042334932F007AF227 /* RegisterViewController.swift in Sources */,
			);
			runOnlyForDeploymentPostprocessing = 0;
		};
/* End PBXSourcesBuildPhase section */

/* Begin PBXVariantGroup section */
		651261EE23338BF8007AF227 /* Main.storyboard */ = {
			isa = PBXVariantGroup;
			children = (
				651261EF23338BF8007AF227 /* Base */,
			);
			name = Main.storyboard;
			sourceTree = "<group>";
		};
		651261F323338BFA007AF227 /* LaunchScreen.storyboard */ = {
			isa = PBXVariantGroup;
			children = (
				651261F423338BFA007AF227 /* Base */,
			);
			name = LaunchScreen.storyboard;
			sourceTree = "<group>";
		};
/* End PBXVariantGroup section */

/* Begin XCBuildConfiguration section */
		651261F723338BFA007AF227 /* Debug */ = {
			isa = XCBuildConfiguration;
			buildSettings = {
				ALWAYS_SEARCH_USER_PATHS = NO;
				CLANG_ANALYZER_NONNULL = YES;
				CLANG_ANALYZER_NUMBER_OBJECT_CONVERSION = YES_AGGRESSIVE;
				CLANG_CXX_LANGUAGE_STANDARD = "gnu++14";
				CLANG_CXX_LIBRARY = "libc++";
				CLANG_ENABLE_MODULES = YES;
				CLANG_ENABLE_OBJC_ARC = YES;
				CLANG_ENABLE_OBJC_WEAK = YES;
				CLANG_WARN_BLOCK_CAPTURE_AUTORELEASING = YES;
				CLANG_WARN_BOOL_CONVERSION = YES;
				CLANG_WARN_COMMA = YES;
				CLANG_WARN_CONSTANT_CONVERSION = YES;
				CLANG_WARN_DEPRECATED_OBJC_IMPLEMENTATIONS = YES;
				CLANG_WARN_DIRECT_OBJC_ISA_USAGE = YES_ERROR;
				CLANG_WARN_DOCUMENTATION_COMMENTS = YES;
				CLANG_WARN_EMPTY_BODY = YES;
				CLANG_WARN_ENUM_CONVERSION = YES;
				CLANG_WARN_INFINITE_RECURSION = YES;
				CLANG_WARN_INT_CONVERSION = YES;
				CLANG_WARN_NON_LITERAL_NULL_CONVERSION = YES;
				CLANG_WARN_OBJC_IMPLICIT_RETAIN_SELF = YES;
				CLANG_WARN_OBJC_LITERAL_CONVERSION = YES;
				CLANG_WARN_OBJC_ROOT_CLASS = YES_ERROR;
				CLANG_WARN_RANGE_LOOP_ANALYSIS = YES;
				CLANG_WARN_STRICT_PROTOTYPES = YES;
				CLANG_WARN_SUSPICIOUS_MOVE = YES;
				CLANG_WARN_UNGUARDED_AVAILABILITY = YES_AGGRESSIVE;
				CLANG_WARN_UNREACHABLE_CODE = YES;
				CLANG_WARN__DUPLICATE_METHOD_MATCH = YES;
				COPY_PHASE_STRIP = NO;
				DEBUG_INFORMATION_FORMAT = dwarf;
				ENABLE_STRICT_OBJC_MSGSEND = YES;
				ENABLE_TESTABILITY = YES;
				GCC_C_LANGUAGE_STANDARD = gnu11;
				GCC_DYNAMIC_NO_PIC = NO;
				GCC_NO_COMMON_BLOCKS = YES;
				GCC_OPTIMIZATION_LEVEL = 0;
				GCC_PREPROCESSOR_DEFINITIONS = (
					"DEBUG=1",
					"$(inherited)",
				);
				GCC_WARN_64_TO_32_BIT_CONVERSION = YES;
				GCC_WARN_ABOUT_RETURN_TYPE = YES_ERROR;
				GCC_WARN_UNDECLARED_SELECTOR = YES;
				GCC_WARN_UNINITIALIZED_AUTOS = YES_AGGRESSIVE;
				GCC_WARN_UNUSED_FUNCTION = YES;
				GCC_WARN_UNUSED_VARIABLE = YES;
				IPHONEOS_DEPLOYMENT_TARGET = 13.0;
				MTL_ENABLE_DEBUG_INFO = INCLUDE_SOURCE;
				MTL_FAST_MATH = YES;
				ONLY_ACTIVE_ARCH = YES;
				SDKROOT = iphoneos;
				SWIFT_ACTIVE_COMPILATION_CONDITIONS = DEBUG;
				SWIFT_OPTIMIZATION_LEVEL = "-Onone";
			};
			name = Debug;
		};
		651261F823338BFA007AF227 /* Release */ = {
			isa = XCBuildConfiguration;
			buildSettings = {
				ALWAYS_SEARCH_USER_PATHS = NO;
				CLANG_ANALYZER_NONNULL = YES;
				CLANG_ANALYZER_NUMBER_OBJECT_CONVERSION = YES_AGGRESSIVE;
				CLANG_CXX_LANGUAGE_STANDARD = "gnu++14";
				CLANG_CXX_LIBRARY = "libc++";
				CLANG_ENABLE_MODULES = YES;
				CLANG_ENABLE_OBJC_ARC = YES;
				CLANG_ENABLE_OBJC_WEAK = YES;
				CLANG_WARN_BLOCK_CAPTURE_AUTORELEASING = YES;
				CLANG_WARN_BOOL_CONVERSION = YES;
				CLANG_WARN_COMMA = YES;
				CLANG_WARN_CONSTANT_CONVERSION = YES;
				CLANG_WARN_DEPRECATED_OBJC_IMPLEMENTATIONS = YES;
				CLANG_WARN_DIRECT_OBJC_ISA_USAGE = YES_ERROR;
				CLANG_WARN_DOCUMENTATION_COMMENTS = YES;
				CLANG_WARN_EMPTY_BODY = YES;
				CLANG_WARN_ENUM_CONVERSION = YES;
				CLANG_WARN_INFINITE_RECURSION = YES;
				CLANG_WARN_INT_CONVERSION = YES;
				CLANG_WARN_NON_LITERAL_NULL_CONVERSION = YES;
				CLANG_WARN_OBJC_IMPLICIT_RETAIN_SELF = YES;
				CLANG_WARN_OBJC_LITERAL_CONVERSION = YES;
				CLANG_WARN_OBJC_ROOT_CLASS = YES_ERROR;
				CLANG_WARN_RANGE_LOOP_ANALYSIS = YES;
				CLANG_WARN_STRICT_PROTOTYPES = YES;
				CLANG_WARN_SUSPICIOUS_MOVE = YES;
				CLANG_WARN_UNGUARDED_AVAILABILITY = YES_AGGRESSIVE;
				CLANG_WARN_UNREACHABLE_CODE = YES;
				CLANG_WARN__DUPLICATE_METHOD_MATCH = YES;
				COPY_PHASE_STRIP = NO;
				DEBUG_INFORMATION_FORMAT = "dwarf-with-dsym";
				ENABLE_NS_ASSERTIONS = NO;
				ENABLE_STRICT_OBJC_MSGSEND = YES;
				GCC_C_LANGUAGE_STANDARD = gnu11;
				GCC_NO_COMMON_BLOCKS = YES;
				GCC_WARN_64_TO_32_BIT_CONVERSION = YES;
				GCC_WARN_ABOUT_RETURN_TYPE = YES_ERROR;
				GCC_WARN_UNDECLARED_SELECTOR = YES;
				GCC_WARN_UNINITIALIZED_AUTOS = YES_AGGRESSIVE;
				GCC_WARN_UNUSED_FUNCTION = YES;
				GCC_WARN_UNUSED_VARIABLE = YES;
				IPHONEOS_DEPLOYMENT_TARGET = 13.0;
				MTL_ENABLE_DEBUG_INFO = NO;
				MTL_FAST_MATH = YES;
				SDKROOT = iphoneos;
				SWIFT_COMPILATION_MODE = wholemodule;
				SWIFT_OPTIMIZATION_LEVEL = "-O";
				VALIDATE_PRODUCT = YES;
			};
			name = Release;
		};
		651261FA23338BFA007AF227 /* Debug */ = {
			isa = XCBuildConfiguration;
			baseConfigurationReference = 67222DC49B7159819FED7D33 /* Pods-Sama.debug.xcconfig */;
			buildSettings = {
				ASSETCATALOG_COMPILER_APPICON_NAME = AppIcon;
				CODE_SIGN_STYLE = Automatic;
				DEVELOPMENT_TEAM = 3S84D6AKYX;
				INFOPLIST_FILE = Sama/Info.plist;
				LD_RUNPATH_SEARCH_PATHS = (
					"$(inherited)",
					"@executable_path/Frameworks",
				);
				PRODUCT_BUNDLE_IDENTIFIER = com.andresuhart.Sama;
				PRODUCT_NAME = "$(TARGET_NAME)";
				SWIFT_VERSION = 5.0;
				TARGETED_DEVICE_FAMILY = 1;
			};
			name = Debug;
		};
		651261FB23338BFA007AF227 /* Release */ = {
			isa = XCBuildConfiguration;
			baseConfigurationReference = F4D86C7748AB5727A2832C43 /* Pods-Sama.release.xcconfig */;
			buildSettings = {
				ASSETCATALOG_COMPILER_APPICON_NAME = AppIcon;
				CODE_SIGN_STYLE = Automatic;
				DEVELOPMENT_TEAM = 3S84D6AKYX;
				INFOPLIST_FILE = Sama/Info.plist;
				LD_RUNPATH_SEARCH_PATHS = (
					"$(inherited)",
					"@executable_path/Frameworks",
				);
				PRODUCT_BUNDLE_IDENTIFIER = com.andresuhart.Sama;
				PRODUCT_NAME = "$(TARGET_NAME)";
				SWIFT_VERSION = 5.0;
				TARGETED_DEVICE_FAMILY = 1;
			};
			name = Release;
		};
/* End XCBuildConfiguration section */

/* Begin XCConfigurationList section */
		651261E023338BF8007AF227 /* Build configuration list for PBXProject "Sama" */ = {
			isa = XCConfigurationList;
			buildConfigurations = (
				651261F723338BFA007AF227 /* Debug */,
				651261F823338BFA007AF227 /* Release */,
			);
			defaultConfigurationIsVisible = 0;
			defaultConfigurationName = Release;
		};
		651261F923338BFA007AF227 /* Build configuration list for PBXNativeTarget "Sama" */ = {
			isa = XCConfigurationList;
			buildConfigurations = (
				651261FA23338BFA007AF227 /* Debug */,
				651261FB23338BFA007AF227 /* Release */,
			);
			defaultConfigurationIsVisible = 0;
			defaultConfigurationName = Release;
		};
/* End XCConfigurationList section */
	};
	rootObject = 651261DD23338BF8007AF227 /* Project object */;
}
